
Microsoft Visual Studio Solution File, Format Version 12.00
# Visual Studio Version 17
VisualStudioVersion = 17.1.32210.238
MinimumVisualStudioVersion = 10.0.40219.1
Project("{FAE04EC0-301F-11D3-BF4B-00C04F79EFBC}") = "kalkulator_jak_windows", "kalkulator_jak_windows.csproj", "{4F68E063-EE1A-4F50-B879-5C504B7BB75E}"
EndProject
Global
	GlobalSection(SolutionConfigurationPlatforms) = preSolution
		Debug|Any CPU = Debug|Any CPU
		Release|Any CPU = Release|Any CPU
	EndGlobalSection
	GlobalSection(ProjectConfigurationPlatforms) = postSolution
		{4F68E063-EE1A-4F50-B879-5C504B7BB75E}.Debug|Any CPU.ActiveCfg = Debug|Any CPU
		{4F68E063-EE1A-4F50-B879-5C504B7BB75E}.Debug|Any CPU.Build.0 = Debug|Any CPU
		{4F68E063-EE1A-4F50-B879-5C504B7BB75E}.Release|Any CPU.ActiveCfg = Release|Any CPU
		{4F68E063-EE1A-4F50-B879-5C504B7BB75E}.Release|Any CPU.Build.0 = Release|Any CPU
	EndGlobalSection
	GlobalSection(SolutionProperties) = preSolution
		HideSolutionNode = FALSE
	EndGlobalSection
	GlobalSection(ExtensibilityGlobals) = postSolution
		SolutionGuid = {67A99961-EA5F-4D27-B173-6E3B994CFA23}
	EndGlobalSection
EndGlobal
