
Microsoft Visual Studio Solution File, Format Version 12.00
# Visual Studio Version 17
VisualStudioVersion = 17.1.32210.238
MinimumVisualStudioVersion = 10.0.40219.1
Project("{FAE04EC0-301F-11D3-BF4B-00C04F79EFBC}") = "konwertery", "konwertery.csproj", "{15CD7D44-6359-471A-A5E1-4FFE80E40A7E}"
EndProject
Global
	GlobalSection(SolutionConfigurationPlatforms) = preSolution
		Debug|Any CPU = Debug|Any CPU
		Release|Any CPU = Release|Any CPU
	EndGlobalSection
	GlobalSection(ProjectConfigurationPlatforms) = postSolution
		{15CD7D44-6359-471A-A5E1-4FFE80E40A7E}.Debug|Any CPU.ActiveCfg = Debug|Any CPU
		{15CD7D44-6359-471A-A5E1-4FFE80E40A7E}.Debug|Any CPU.Build.0 = Debug|Any CPU
		{15CD7D44-6359-471A-A5E1-4FFE80E40A7E}.Release|Any CPU.ActiveCfg = Release|Any CPU
		{15CD7D44-6359-471A-A5E1-4FFE80E40A7E}.Release|Any CPU.Build.0 = Release|Any CPU
	EndGlobalSection
	GlobalSection(SolutionProperties) = preSolution
		HideSolutionNode = FALSE
	EndGlobalSection
	GlobalSection(ExtensibilityGlobals) = postSolution
		SolutionGuid = {F7D54E48-7F8F-4831-B259-9A734FB716FE}
	EndGlobalSection
EndGlobal
