
Microsoft Visual Studio Solution File, Format Version 12.00
# Visual Studio Version 17
VisualStudioVersion = 17.0.31912.275
MinimumVisualStudioVersion = 10.0.40219.1
Project("{FAE04EC0-301F-11D3-BF4B-00C04F79EFBC}") = "itemControls", "itemControls.csproj", "{6E9E908C-1670-447A-839D-3A37705C5E0E}"
EndProject
Global
	GlobalSection(SolutionConfigurationPlatforms) = preSolution
		Debug|Any CPU = Debug|Any CPU
		Release|Any CPU = Release|Any CPU
	EndGlobalSection
	GlobalSection(ProjectConfigurationPlatforms) = postSolution
		{6E9E908C-1670-447A-839D-3A37705C5E0E}.Debug|Any CPU.ActiveCfg = Debug|Any CPU
		{6E9E908C-1670-447A-839D-3A37705C5E0E}.Debug|Any CPU.Build.0 = Debug|Any CPU
		{6E9E908C-1670-447A-839D-3A37705C5E0E}.Release|Any CPU.ActiveCfg = Release|Any CPU
		{6E9E908C-1670-447A-839D-3A37705C5E0E}.Release|Any CPU.Build.0 = Release|Any CPU
	EndGlobalSection
	GlobalSection(SolutionProperties) = preSolution
		HideSolutionNode = FALSE
	EndGlobalSection
	GlobalSection(ExtensibilityGlobals) = postSolution
		SolutionGuid = {CE70911A-982E-4006-8A23-5AA22AE14BA5}
	EndGlobalSection
EndGlobal
