
Microsoft Visual Studio Solution File, Format Version 12.00
# Visual Studio Version 17
VisualStudioVersion = 17.0.31919.166
MinimumVisualStudioVersion = 10.0.40219.1
Project("{FAE04EC0-301F-11D3-BF4B-00C04F79EFBC}") = "zadanieNaLekcji", "zadanieNaLekcji.csproj", "{1871316D-5F3D-41D9-8AD3-E5A57203E3DE}"
EndProject
Global
	GlobalSection(SolutionConfigurationPlatforms) = preSolution
		Debug|Any CPU = Debug|Any CPU
		Release|Any CPU = Release|Any CPU
	EndGlobalSection
	GlobalSection(ProjectConfigurationPlatforms) = postSolution
		{1871316D-5F3D-41D9-8AD3-E5A57203E3DE}.Debug|Any CPU.ActiveCfg = Debug|Any CPU
		{1871316D-5F3D-41D9-8AD3-E5A57203E3DE}.Debug|Any CPU.Build.0 = Debug|Any CPU
		{1871316D-5F3D-41D9-8AD3-E5A57203E3DE}.Release|Any CPU.ActiveCfg = Release|Any CPU
		{1871316D-5F3D-41D9-8AD3-E5A57203E3DE}.Release|Any CPU.Build.0 = Release|Any CPU
	EndGlobalSection
	GlobalSection(SolutionProperties) = preSolution
		HideSolutionNode = FALSE
	EndGlobalSection
	GlobalSection(ExtensibilityGlobals) = postSolution
		SolutionGuid = {8C04196D-CF6F-461F-BD21-4B5880B6BC2B}
	EndGlobalSection
EndGlobal
